
Microsoft Visual Studio Solution File, Format Version 12.00
# Visual Studio Version 17
VisualStudioVersion = 17.9.34622.214
MinimumVisualStudioVersion = 10.0.40219.1
Project("{FAE04EC0-301F-11D3-BF4B-00C04F79EFBC}") = "WebContatos", "WebContatos\WebContatos.csproj", "{BF1C2C06-F63E-4FFD-A544-0D7F04AA4FA0}"
EndProject
Global
	GlobalSection(SolutionConfigurationPlatforms) = preSolution
		Debug|Any CPU = Debug|Any CPU
		Release|Any CPU = Release|Any CPU
	EndGlobalSection
	GlobalSection(ProjectConfigurationPlatforms) = postSolution
		{BF1C2C06-F63E-4FFD-A544-0D7F04AA4FA0}.Debug|Any CPU.ActiveCfg = Debug|Any CPU
		{BF1C2C06-F63E-4FFD-A544-0D7F04AA4FA0}.Debug|Any CPU.Build.0 = Debug|Any CPU
		{BF1C2C06-F63E-4FFD-A544-0D7F04AA4FA0}.Release|Any CPU.ActiveCfg = Release|Any CPU
		{BF1C2C06-F63E-4FFD-A544-0D7F04AA4FA0}.Release|Any CPU.Build.0 = Release|Any CPU
	EndGlobalSection
	GlobalSection(SolutionProperties) = preSolution
		HideSolutionNode = FALSE
	EndGlobalSection
	GlobalSection(ExtensibilityGlobals) = postSolution
		SolutionGuid = {368B7BFE-A5AE-4C30-87B0-2C4D29BEC277}
	EndGlobalSection
EndGlobal
